{
	"name": "@marianmeres/paging-store",
	"version": "2.0.0",
	"lockfileVersion": 3,
	"requires": true,
	"packages": {
		"": {
			"name": "@marianmeres/paging-store",
			"version": "2.0.0",
			"license": "MIT",
			"dependencies": {
				"@marianmeres/store": "^2.3.0"
			}
		},
		"node_modules/@marianmeres/pubsub": {
			"version": "2.4.0",
			"resolved": "https://registry.npmjs.org/@marianmeres/pubsub/-/pubsub-2.4.0.tgz",
			"integrity": "sha512-s/JhlxECtthjIj1n1nOavTCUc2dbRTVYcz1Hmn6Y3Zf9ofWsc4Cfm10luql8qDyztAFNhhiqR7+xjreyNKyAMQ==",
			"license": "MIT"
		},
		"node_modules/@marianmeres/store": {
			"version": "2.3.0",
			"resolved": "https://registry.npmjs.org/@marianmeres/store/-/store-2.3.0.tgz",
			"integrity": "sha512-MGtFSnPsGplUuPDHmdCtFEEr1nRVIDj9uSIiyefsE2mlC3GufZqB66XpBxa+qYlVyYwW1it1OnAr7zwKAzip7A==",
			"license": "MIT",
			"dependencies": {
				"@marianmeres/pubsub": "^2.4.0"
			}
		}
	}
}
